
Microsoft Visual Studio Solution File, Format Version 12.00
# Visual Studio Version 17
VisualStudioVersion = 17.6.33801.468
MinimumVisualStudioVersion = 10.0.40219.1
Project("{FAE04EC0-301F-11D3-BF4B-00C04F79EFBC}") = "employee2", "employee2\employee2.csproj", "{F319187A-A23F-4DAD-9DAE-34D42D4DC26B}"
EndProject
Global
	GlobalSection(SolutionConfigurationPlatforms) = preSolution
		Debug|Any CPU = Debug|Any CPU
		Release|Any CPU = Release|Any CPU
	EndGlobalSection
	GlobalSection(ProjectConfigurationPlatforms) = postSolution
		{F319187A-A23F-4DAD-9DAE-34D42D4DC26B}.Debug|Any CPU.ActiveCfg = Debug|Any CPU
		{F319187A-A23F-4DAD-9DAE-34D42D4DC26B}.Debug|Any CPU.Build.0 = Debug|Any CPU
		{F319187A-A23F-4DAD-9DAE-34D42D4DC26B}.Release|Any CPU.ActiveCfg = Release|Any CPU
		{F319187A-A23F-4DAD-9DAE-34D42D4DC26B}.Release|Any CPU.Build.0 = Release|Any CPU
	EndGlobalSection
	GlobalSection(SolutionProperties) = preSolution
		HideSolutionNode = FALSE
	EndGlobalSection
	GlobalSection(ExtensibilityGlobals) = postSolution
		SolutionGuid = {752607C8-699A-4D15-A41A-5843B32500E2}
	EndGlobalSection
EndGlobal
